
Microsoft Visual Studio Solution File, Format Version 12.00
# Visual Studio 15
VisualStudioVersion = 15.0.28307.572
MinimumVisualStudioVersion = 10.0.40219.1
Project("{FAE04EC0-301F-11D3-BF4B-00C04F79EFBC}") = "Task00", "Epam_Tasks_OvcharovaAA\Task00.csproj", "{6A48EF0B-8DB5-4D8A-B275-10D2A4B23207}"
EndProject
Project("{FAE04EC0-301F-11D3-BF4B-00C04F79EFBC}") = "Task01", "Task01\Task01.csproj", "{2DDCC396-BC20-4253-8587-01DA195D2245}"
EndProject
Project("{FAE04EC0-301F-11D3-BF4B-00C04F79EFBC}") = "Task02", "Task02\Task02.csproj", "{72F0F6AB-C602-4A25-8EA9-86D311A657CC}"
EndProject
Project("{FAE04EC0-301F-11D3-BF4B-00C04F79EFBC}") = "Task03", "Task03\Task03.csproj", "{41DA190B-A757-45C5-95EB-6CD3BF5EDF7E}"
EndProject
Project("{FAE04EC0-301F-11D3-BF4B-00C04F79EFBC}") = "Task04", "Task04\Task04.csproj", "{4218258B-7866-4FAB-84C7-800762F9E874}"
EndProject
Project("{FAE04EC0-301F-11D3-BF4B-00C04F79EFBC}") = "Task05", "Task05\Task05.csproj", "{7982274D-78FB-4B73-AD4C-5EF0F839C2D4}"
EndProject
Global
	GlobalSection(SolutionConfigurationPlatforms) = preSolution
		Debug|Any CPU = Debug|Any CPU
		Release|Any CPU = Release|Any CPU
	EndGlobalSection
	GlobalSection(ProjectConfigurationPlatforms) = postSolution
		{6A48EF0B-8DB5-4D8A-B275-10D2A4B23207}.Debug|Any CPU.ActiveCfg = Debug|Any CPU
		{6A48EF0B-8DB5-4D8A-B275-10D2A4B23207}.Debug|Any CPU.Build.0 = Debug|Any CPU
		{6A48EF0B-8DB5-4D8A-B275-10D2A4B23207}.Release|Any CPU.ActiveCfg = Release|Any CPU
		{6A48EF0B-8DB5-4D8A-B275-10D2A4B23207}.Release|Any CPU.Build.0 = Release|Any CPU
		{2DDCC396-BC20-4253-8587-01DA195D2245}.Debug|Any CPU.ActiveCfg = Debug|Any CPU
		{2DDCC396-BC20-4253-8587-01DA195D2245}.Debug|Any CPU.Build.0 = Debug|Any CPU
		{2DDCC396-BC20-4253-8587-01DA195D2245}.Release|Any CPU.ActiveCfg = Release|Any CPU
		{2DDCC396-BC20-4253-8587-01DA195D2245}.Release|Any CPU.Build.0 = Release|Any CPU
		{72F0F6AB-C602-4A25-8EA9-86D311A657CC}.Debug|Any CPU.ActiveCfg = Debug|Any CPU
		{72F0F6AB-C602-4A25-8EA9-86D311A657CC}.Debug|Any CPU.Build.0 = Debug|Any CPU
		{72F0F6AB-C602-4A25-8EA9-86D311A657CC}.Release|Any CPU.ActiveCfg = Release|Any CPU
		{72F0F6AB-C602-4A25-8EA9-86D311A657CC}.Release|Any CPU.Build.0 = Release|Any CPU
		{41DA190B-A757-45C5-95EB-6CD3BF5EDF7E}.Debug|Any CPU.ActiveCfg = Debug|Any CPU
		{41DA190B-A757-45C5-95EB-6CD3BF5EDF7E}.Debug|Any CPU.Build.0 = Debug|Any CPU
		{41DA190B-A757-45C5-95EB-6CD3BF5EDF7E}.Release|Any CPU.ActiveCfg = Release|Any CPU
		{41DA190B-A757-45C5-95EB-6CD3BF5EDF7E}.Release|Any CPU.Build.0 = Release|Any CPU
		{4218258B-7866-4FAB-84C7-800762F9E874}.Debug|Any CPU.ActiveCfg = Debug|Any CPU
		{4218258B-7866-4FAB-84C7-800762F9E874}.Debug|Any CPU.Build.0 = Debug|Any CPU
		{4218258B-7866-4FAB-84C7-800762F9E874}.Release|Any CPU.ActiveCfg = Release|Any CPU
		{4218258B-7866-4FAB-84C7-800762F9E874}.Release|Any CPU.Build.0 = Release|Any CPU
		{7982274D-78FB-4B73-AD4C-5EF0F839C2D4}.Debug|Any CPU.ActiveCfg = Debug|Any CPU
		{7982274D-78FB-4B73-AD4C-5EF0F839C2D4}.Debug|Any CPU.Build.0 = Debug|Any CPU
		{7982274D-78FB-4B73-AD4C-5EF0F839C2D4}.Release|Any CPU.ActiveCfg = Release|Any CPU
		{7982274D-78FB-4B73-AD4C-5EF0F839C2D4}.Release|Any CPU.Build.0 = Release|Any CPU
	EndGlobalSection
	GlobalSection(SolutionProperties) = preSolution
		HideSolutionNode = FALSE
	EndGlobalSection
	GlobalSection(ExtensibilityGlobals) = postSolution
		SolutionGuid = {5BD04128-8D24-4033-8DDD-910FB456A88F}
	EndGlobalSection
EndGlobal
